{
    "_readme": [
        "This file locks the dependencies of your project to a known state",
        "Read more about it at https://getcomposer.org/doc/01-basic-usage.md#installing-dependencies",
        "This file is @generated automatically"
    ],
    "content-hash": "cb13d445804ec9613b089808463a19b8",
    "packages": [
        {
            "name": "ernilambar/optioner",
            "version": "2.0.10",
            "source": {
                "type": "git",
                "url": "https://github.com/ernilambar/optioner.git",
                "reference": "8b4158a570ef193c522e2fcbcbe307a35ca4503d"
            },
            "dist": {
                "type": "zip",
                "url": "https://api.github.com/repos/ernilambar/optioner/zipball/8b4158a570ef193c522e2fcbcbe307a35ca4503d",
                "reference": "8b4158a570ef193c522e2fcbcbe307a35ca4503d",
                "shasum": ""
            },
            "require": {
                "php": ">=5.6"
            },
            "type": "library",
            "notification-url": "https://packagist.org/downloads/",
            "license": [
                "MIT"
            ],
            "authors": [
                {
                    "name": "Nilambar Sharma",
                    "email": "nilambar@outlook.com",
                    "homepage": "https://www.nilambar.net",
                    "role": "Developer"
                }
            ],
            "description": "Minimal option framework for WordPress.",
            "homepage": "https://github.com/ernilambar/optioner",
            "keywords": [
                "option",
                "wordpress"
            ],
            "support": {
                "issues": "https://github.com/ernilambar/optioner/issues",
                "source": "https://github.com/ernilambar/optioner/tree/2.0.10"
            },
            "time": "2024-06-18T09:46:28+00:00"
        },
        {
            "name": "ernilambar/wp-admin-notice",
            "version": "1.0.2",
            "source": {
                "type": "git",
                "url": "https://github.com/ernilambar/wp-admin-notice.git",
                "reference": "626e4685775bdd06085e7af76f9ae9380c68c9f0"
            },
            "dist": {
                "type": "zip",
                "url": "https://api.github.com/repos/ernilambar/wp-admin-notice/zipball/626e4685775bdd06085e7af76f9ae9380c68c9f0",
                "reference": "626e4685775bdd06085e7af76f9ae9380c68c9f0",
                "shasum": ""
            },
            "require": {
                "php": ">=5.6"
            },
            "type": "library",
            "autoload": {
                "psr-4": {
                    "Nilambar\\AdminNotice\\": "src"
                }
            },
            "notification-url": "https://packagist.org/downloads/",
            "license": [
                "MIT"
            ],
            "authors": [
                {
                    "name": "Nilambar Sharma",
                    "email": "nilambar@outlook.com",
                    "homepage": "https://www.nilambar.net/"
                }
            ],
            "description": "WordPress Helper for showing admin notice",
            "homepage": "https://github.com/ernilambar/wp-admin-notice",
            "keywords": [
                "admin",
                "notice",
                "wordpress"
            ],
            "support": {
                "issues": "https://github.com/ernilambar/wp-admin-notice/issues/",
                "source": "https://github.com/ernilambar/wp-admin-notice/tree/1.0.2"
            },
            "time": "2023-05-29T05:53:39+00:00"
        }
    ],
    "packages-dev": [],
    "aliases": [],
    "minimum-stability": "dev",
    "stability-flags": [],
    "prefer-stable": true,
    "prefer-lowest": false,
    "platform": {
        "php": ">=5.6"
    },
    "platform-dev": [],
    "plugin-api-version": "2.2.0"
}
