{
    "_readme": [
        "This file locks the dependencies of your project to a known state",
        "Read more about it at https://getcomposer.org/doc/01-basic-usage.md#installing-dependencies",
        "This file is @generated automatically"
    ],
    "content-hash": "3e404705bf64b26ee0f681d5f2f7333a",
    "packages": [
        {
            "name": "duckdev/wp-review-notice",
            "version": "v1.0.2",
            "source": {
                "type": "git",
                "url": "https://github.com/duckdev/wp-review-notice.git",
                "reference": "569ef315f269abcabf9df2cf1afd60b2a56f3169"
            },
            "dist": {
                "type": "zip",
                "url": "https://api.github.com/repos/duckdev/wp-review-notice/zipball/569ef315f269abcabf9df2cf1afd60b2a56f3169",
                "reference": "569ef315f269abcabf9df2cf1afd60b2a56f3169",
                "shasum": ""
            },
            "require": {
                "php": ">=5.6"
            },
            "type": "library",
            "autoload": {
                "psr-4": {
                    "DuckDev\\Reviews\\": "src"
                }
            },
            "notification-url": "https://packagist.org/downloads/",
            "license": [
                "GPL-2.0-or-later"
            ],
            "authors": [
                {
                    "name": "Joel James",
                    "email": "me@joelsays.com",
                    "homepage": "https://duckdev.com"
                }
            ],
            "description": "Simple library class to gently ask for a wp.org plugin review after a few days of plugin usage.",
            "keywords": [
                "notices",
                "reviews",
                "wordpress"
            ],
            "support": {
                "issues": "https://github.com/duckdev/wp-review-notice/issues/",
                "source": "https://github.com/duckdev/wp-review-notice/tree/v1.0.2"
            },
            "time": "2022-01-29T06:59:27+00:00"
        },
        {
            "name": "ernilambar/optioner",
            "version": "1.0.9",
            "source": {
                "type": "git",
                "url": "https://github.com/ernilambar/optioner.git",
                "reference": "c6959a2b5338e2744dc9b1d3c503f905eabc2be9"
            },
            "dist": {
                "type": "zip",
                "url": "https://api.github.com/repos/ernilambar/optioner/zipball/c6959a2b5338e2744dc9b1d3c503f905eabc2be9",
                "reference": "c6959a2b5338e2744dc9b1d3c503f905eabc2be9",
                "shasum": ""
            },
            "require": {
                "kirki-framework/url-getter": "^1.0",
                "php": ">=5.6"
            },
            "type": "library",
            "autoload": {
                "psr-4": {
                    "Nilambar\\Optioner\\": "src/"
                }
            },
            "notification-url": "https://packagist.org/downloads/",
            "license": [
                "MIT"
            ],
            "authors": [
                {
                    "name": "Nilambar Sharma",
                    "email": "nilambar@outlook.com",
                    "homepage": "https://www.nilambar.net",
                    "role": "Developer"
                }
            ],
            "description": "Minimal option framework for WordPress plugins",
            "homepage": "https://github.com/ernilambar/optioner",
            "keywords": [
                "option",
                "wordpress"
            ],
            "support": {
                "issues": "https://github.com/ernilambar/optioner/issues",
                "source": "https://github.com/ernilambar/optioner/tree/master"
            },
            "time": "2020-07-01T02:03:06+00:00"
        },
        {
            "name": "kirki-framework/url-getter",
            "version": "v1.0.5",
            "source": {
                "type": "git",
                "url": "https://github.com/kirki-framework/url-getter.git",
                "reference": "cfe7ea5b51c5e9b5e7d706ed56694f54a972fae2"
            },
            "dist": {
                "type": "zip",
                "url": "https://api.github.com/repos/kirki-framework/url-getter/zipball/cfe7ea5b51c5e9b5e7d706ed56694f54a972fae2",
                "reference": "cfe7ea5b51c5e9b5e7d706ed56694f54a972fae2",
                "shasum": ""
            },
            "require": {
                "php": ">=7.0"
            },
            "type": "library",
            "autoload": {
                "psr-4": {
                    "Kirki\\": "src"
                }
            },
            "notification-url": "https://packagist.org/downloads/",
            "license": [
                "MIT"
            ],
            "authors": [
                {
                    "name": "Kirki Framework",
                    "email": "connect@mapsteps.com"
                }
            ],
            "description": "Helper component to get the URL of a file in WordPress.",
            "homepage": "https://kirki.org/",
            "keywords": [
                "wordpress"
            ],
            "support": {
                "issues": "https://github.com/kirki-framework/url-getter/issues",
                "source": "https://github.com/kirki-framework/url-getter/tree/v1.0.5"
            },
            "time": "2021-12-29T16:27:31+00:00"
        }
    ],
    "packages-dev": [],
    "aliases": [],
    "minimum-stability": "stable",
    "stability-flags": [],
    "prefer-stable": false,
    "prefer-lowest": false,
    "platform": [],
    "platform-dev": [],
    "plugin-api-version": "2.1.0"
}
